hash: e550bd0d4d28b99976d8e947ea84cdc03f7e6b486a50673073b5c3efc146236e
updated: 2017-03-29T11:32:45.6109483+08:00
imports:
- name: github.com/astaxie/beego
  version: 323a1c4214101331a4b71922c23d19b7409ac71f
  subpackages:
  - config
  - context
  - grace
  - logs
  - orm
  - session
  - toolbox
  - utils
- name: github.com/go-sql-driver/mysql
  version: 1421caf44f6464fd2ee8de694c7508ee13f92964
- name: github.com/golang/crypto
  version: 459e26527287adbc2adcc5d0d49abff9a5f315a7
  subpackages:
  - ssh
- name: github.com/gorilla/websocket
  version: 3ab3a8b8831546bd18fd182c20687ca853b2bb13
- name: github.com/lifei6671/go-git-webhook
  version: c87f52c43dae73db6186a60522cbd10984011672
  subpackages:
  - modules/ssh
- name: github.com/widuu/gojson
  version: 7da9d2cd949b3f1b4e3039dd985773df8cf68a99
- name: golang.org/x/crypto
  version: 459e26527287adbc2adcc5d0d49abff9a5f315a7
  subpackages:
  - curve25519
  - ed25519
  - ed25519/internal/edwards25519
testImports: []
